
Microsoft Visual Studio Solution File, Format Version 12.00
# Visual Studio Version 16
VisualStudioVersion = 16.0.30517.126
MinimumVisualStudioVersion = 10.0.40219.1
Project("{FAE04EC0-301F-11D3-BF4B-00C04F79EFBC}") = "Gamer.Mistaken.BetterSCP", "BetterSCP\Gamer.Mistaken.BetterSCP.csproj", "{DF1CD5E6-E122-4ACE-A572-1BD203A2D148}"
EndProject
Project("{FAE04EC0-301F-11D3-BF4B-00C04F79EFBC}") = "Gamer.Utilities", "ExiledExtensions\Gamer.Utilities.csproj", "{BD286EF8-B757-4AB8-8F4F-AF1871902FD5}"
EndProject
Project("{FAE04EC0-301F-11D3-BF4B-00C04F79EFBC}") = "Gamer.Mistaken.Base", "MistakenBasePlugins\Gamer.Mistaken.Base.csproj", "{6EECBFA8-DBCB-47CD-9C23-FF15BC11B40C}"
EndProject
Project("{FAE04EC0-301F-11D3-BF4B-00C04F79EFBC}") = "Gamer.Mistaken", "MistakenSystemsPlugin\Gamer.Mistaken.csproj", "{55DC9D88-E32A-4176-AD17-9502A0440341}"
EndProject
Project("{2150E333-8FDC-42A3-9474-1A3956D46DE8}") = "Dependencies", "Dependencies", "{DF2465A6-2DB6-4C0A-BCE3-0489D16C1CDE}"
EndProject
Project("{FAE04EC0-301F-11D3-BF4B-00C04F79EFBC}") = "VirtualBrightPlayz.CommsHack", "VirtualBrightPlayz.CommsHack\VirtualBrightPlayz.CommsHack.csproj", "{0AA6748C-0C43-4903-A297-C6F1BBD0C2C0}"
EndProject
Project("{FAE04EC0-301F-11D3-BF4B-00C04F79EFBC}") = "Gamer.SNAV", "Gamer.SNAV\Gamer.SNAV.csproj", "{AD248350-0FA1-475B-AD05-5E518C32EA12}"
EndProject
Project("{FAE04EC0-301F-11D3-BF4B-00C04F79EFBC}") = "Gamer.Diagnostics", "Gamer.Diagnostics\Gamer.Diagnostics.csproj", "{C50D9525-091D-4176-ACAE-890B5750D2B0}"
EndProject
Project("{9A19103F-16F7-4668-BE54-9A1E7A4F7556}") = "Gamer.Diagnostics.Analizer", "Gamer.Diagnostics.Analizer\Gamer.Diagnostics.Analizer.csproj", "{167C3B54-4155-478F-8363-A1BE38860D01}"
EndProject
Project("{2150E333-8FDC-42A3-9474-1A3956D46DE8}") = "Diagnostics", "Diagnostics", "{5A3F6F10-857C-4161-AF24-906979B26244}"
	ProjectSection(SolutionItems) = preProject
		..\..\..\..\Gamer\Desktop\Diag.txt = ..\..\..\..\Gamer\Desktop\Diag.txt
	EndProjectSection
EndProject
Project("{FAE04EC0-301F-11D3-BF4B-00C04F79EFBC}") = "Gamer.API", "Gamer.API\Gamer.API.csproj", "{594FC7BB-8B93-4346-8C28-6AB0EA0A4430}"
EndProject
Project("{FAE04EC0-301F-11D3-BF4B-00C04F79EFBC}") = "Gamer.Archivizer", "Gamer.Archivizer\Gamer.Archivizer.csproj", "{CD8001DD-19E1-49FE-8C5F-EAED54CF9B53}"
EndProject
Project("{FAE04EC0-301F-11D3-BF4B-00C04F79EFBC}") = "Gamer.Taser", "Gamer.Taser\Gamer.Taser.csproj", "{0E92A2EC-4F57-4CF1-9D96-6E433417DA33}"
EndProject
Project("{FAE04EC0-301F-11D3-BF4B-00C04F79EFBC}") = "Gamer.AudioLog", "Gamer.AudioLog\Gamer.AudioLog.csproj", "{CAB7DE98-58B9-4A94-A77A-2D87FBA13103}"
EndProject
Project("{FAE04EC0-301F-11D3-BF4B-00C04F79EFBC}") = "Gamer.RoundLogger", "Gamer.RoundLogger\Gamer.RoundLogger.csproj", "{4BFFBB2D-A061-4E50-A8B0-99CBFBFB7184}"
EndProject
Project("{FAE04EC0-301F-11D3-BF4B-00C04F79EFBC}") = "Xname.ImpactGrenade", "Xname.ImpactGrenade\Xname.ImpactGrenade.csproj", "{837825D7-5042-45EA-9AE1-CECA1A9B42C7}"
EndProject
Global
	GlobalSection(SolutionConfigurationPlatforms) = preSolution
		Debug|Any CPU = Debug|Any CPU
		Debug|x86 = Debug|x86
		Release|Any CPU = Release|Any CPU
		Release|x86 = Release|x86
	EndGlobalSection
	GlobalSection(ProjectConfigurationPlatforms) = postSolution
		{DF1CD5E6-E122-4ACE-A572-1BD203A2D148}.Debug|Any CPU.ActiveCfg = Debug|Any CPU
		{DF1CD5E6-E122-4ACE-A572-1BD203A2D148}.Debug|Any CPU.Build.0 = Debug|Any CPU
		{DF1CD5E6-E122-4ACE-A572-1BD203A2D148}.Debug|x86.ActiveCfg = Debug|Any CPU
		{DF1CD5E6-E122-4ACE-A572-1BD203A2D148}.Debug|x86.Build.0 = Debug|Any CPU
		{DF1CD5E6-E122-4ACE-A572-1BD203A2D148}.Release|Any CPU.ActiveCfg = Release|Any CPU
		{DF1CD5E6-E122-4ACE-A572-1BD203A2D148}.Release|Any CPU.Build.0 = Release|Any CPU
		{DF1CD5E6-E122-4ACE-A572-1BD203A2D148}.Release|x86.ActiveCfg = Release|Any CPU
		{DF1CD5E6-E122-4ACE-A572-1BD203A2D148}.Release|x86.Build.0 = Release|Any CPU
		{BD286EF8-B757-4AB8-8F4F-AF1871902FD5}.Debug|Any CPU.ActiveCfg = Debug|Any CPU
		{BD286EF8-B757-4AB8-8F4F-AF1871902FD5}.Debug|Any CPU.Build.0 = Debug|Any CPU
		{BD286EF8-B757-4AB8-8F4F-AF1871902FD5}.Debug|x86.ActiveCfg = Debug|Any CPU
		{BD286EF8-B757-4AB8-8F4F-AF1871902FD5}.Debug|x86.Build.0 = Debug|Any CPU
		{BD286EF8-B757-4AB8-8F4F-AF1871902FD5}.Release|Any CPU.ActiveCfg = Release|Any CPU
		{BD286EF8-B757-4AB8-8F4F-AF1871902FD5}.Release|Any CPU.Build.0 = Release|Any CPU
		{BD286EF8-B757-4AB8-8F4F-AF1871902FD5}.Release|x86.ActiveCfg = Release|Any CPU
		{BD286EF8-B757-4AB8-8F4F-AF1871902FD5}.Release|x86.Build.0 = Release|Any CPU
		{6EECBFA8-DBCB-47CD-9C23-FF15BC11B40C}.Debug|Any CPU.ActiveCfg = Debug|Any CPU
		{6EECBFA8-DBCB-47CD-9C23-FF15BC11B40C}.Debug|Any CPU.Build.0 = Debug|Any CPU
		{6EECBFA8-DBCB-47CD-9C23-FF15BC11B40C}.Debug|x86.ActiveCfg = Debug|Any CPU
		{6EECBFA8-DBCB-47CD-9C23-FF15BC11B40C}.Debug|x86.Build.0 = Debug|Any CPU
		{6EECBFA8-DBCB-47CD-9C23-FF15BC11B40C}.Release|Any CPU.ActiveCfg = Release|Any CPU
		{6EECBFA8-DBCB-47CD-9C23-FF15BC11B40C}.Release|Any CPU.Build.0 = Release|Any CPU
		{6EECBFA8-DBCB-47CD-9C23-FF15BC11B40C}.Release|x86.ActiveCfg = Release|Any CPU
		{6EECBFA8-DBCB-47CD-9C23-FF15BC11B40C}.Release|x86.Build.0 = Release|Any CPU
		{55DC9D88-E32A-4176-AD17-9502A0440341}.Debug|Any CPU.ActiveCfg = Debug|Any CPU
		{55DC9D88-E32A-4176-AD17-9502A0440341}.Debug|Any CPU.Build.0 = Debug|Any CPU
		{55DC9D88-E32A-4176-AD17-9502A0440341}.Debug|x86.ActiveCfg = Debug|Any CPU
		{55DC9D88-E32A-4176-AD17-9502A0440341}.Debug|x86.Build.0 = Debug|Any CPU
		{55DC9D88-E32A-4176-AD17-9502A0440341}.Release|Any CPU.ActiveCfg = Release|Any CPU
		{55DC9D88-E32A-4176-AD17-9502A0440341}.Release|Any CPU.Build.0 = Release|Any CPU
		{55DC9D88-E32A-4176-AD17-9502A0440341}.Release|x86.ActiveCfg = Release|Any CPU
		{55DC9D88-E32A-4176-AD17-9502A0440341}.Release|x86.Build.0 = Release|Any CPU
		{0AA6748C-0C43-4903-A297-C6F1BBD0C2C0}.Debug|Any CPU.ActiveCfg = Debug|Any CPU
		{0AA6748C-0C43-4903-A297-C6F1BBD0C2C0}.Debug|Any CPU.Build.0 = Debug|Any CPU
		{0AA6748C-0C43-4903-A297-C6F1BBD0C2C0}.Debug|x86.ActiveCfg = Debug|Any CPU
		{0AA6748C-0C43-4903-A297-C6F1BBD0C2C0}.Debug|x86.Build.0 = Debug|Any CPU
		{0AA6748C-0C43-4903-A297-C6F1BBD0C2C0}.Release|Any CPU.ActiveCfg = Release|Any CPU
		{0AA6748C-0C43-4903-A297-C6F1BBD0C2C0}.Release|Any CPU.Build.0 = Release|Any CPU
		{0AA6748C-0C43-4903-A297-C6F1BBD0C2C0}.Release|x86.ActiveCfg = Release|Any CPU
		{0AA6748C-0C43-4903-A297-C6F1BBD0C2C0}.Release|x86.Build.0 = Release|Any CPU
		{AD248350-0FA1-475B-AD05-5E518C32EA12}.Debug|Any CPU.ActiveCfg = Debug|Any CPU
		{AD248350-0FA1-475B-AD05-5E518C32EA12}.Debug|Any CPU.Build.0 = Debug|Any CPU
		{AD248350-0FA1-475B-AD05-5E518C32EA12}.Debug|x86.ActiveCfg = Debug|Any CPU
		{AD248350-0FA1-475B-AD05-5E518C32EA12}.Debug|x86.Build.0 = Debug|Any CPU
		{AD248350-0FA1-475B-AD05-5E518C32EA12}.Release|Any CPU.ActiveCfg = Release|Any CPU
		{AD248350-0FA1-475B-AD05-5E518C32EA12}.Release|Any CPU.Build.0 = Release|Any CPU
		{AD248350-0FA1-475B-AD05-5E518C32EA12}.Release|x86.ActiveCfg = Release|Any CPU
		{AD248350-0FA1-475B-AD05-5E518C32EA12}.Release|x86.Build.0 = Release|Any CPU
		{C50D9525-091D-4176-ACAE-890B5750D2B0}.Debug|Any CPU.ActiveCfg = Debug|Any CPU
		{C50D9525-091D-4176-ACAE-890B5750D2B0}.Debug|Any CPU.Build.0 = Debug|Any CPU
		{C50D9525-091D-4176-ACAE-890B5750D2B0}.Debug|x86.ActiveCfg = Debug|Any CPU
		{C50D9525-091D-4176-ACAE-890B5750D2B0}.Debug|x86.Build.0 = Debug|Any CPU
		{C50D9525-091D-4176-ACAE-890B5750D2B0}.Release|Any CPU.ActiveCfg = Release|Any CPU
		{C50D9525-091D-4176-ACAE-890B5750D2B0}.Release|Any CPU.Build.0 = Release|Any CPU
		{C50D9525-091D-4176-ACAE-890B5750D2B0}.Release|x86.ActiveCfg = Release|Any CPU
		{C50D9525-091D-4176-ACAE-890B5750D2B0}.Release|x86.Build.0 = Release|Any CPU
		{167C3B54-4155-478F-8363-A1BE38860D01}.Debug|Any CPU.ActiveCfg = Debug|Any CPU
		{167C3B54-4155-478F-8363-A1BE38860D01}.Debug|Any CPU.Build.0 = Debug|Any CPU
		{167C3B54-4155-478F-8363-A1BE38860D01}.Debug|x86.ActiveCfg = Debug|Any CPU
		{167C3B54-4155-478F-8363-A1BE38860D01}.Debug|x86.Build.0 = Debug|Any CPU
		{167C3B54-4155-478F-8363-A1BE38860D01}.Release|Any CPU.ActiveCfg = Release|Any CPU
		{167C3B54-4155-478F-8363-A1BE38860D01}.Release|Any CPU.Build.0 = Release|Any CPU
		{167C3B54-4155-478F-8363-A1BE38860D01}.Release|x86.ActiveCfg = Release|Any CPU
		{167C3B54-4155-478F-8363-A1BE38860D01}.Release|x86.Build.0 = Release|Any CPU
		{594FC7BB-8B93-4346-8C28-6AB0EA0A4430}.Debug|Any CPU.ActiveCfg = Debug|Any CPU
		{594FC7BB-8B93-4346-8C28-6AB0EA0A4430}.Debug|Any CPU.Build.0 = Debug|Any CPU
		{594FC7BB-8B93-4346-8C28-6AB0EA0A4430}.Debug|x86.ActiveCfg = Debug|Any CPU
		{594FC7BB-8B93-4346-8C28-6AB0EA0A4430}.Debug|x86.Build.0 = Debug|Any CPU
		{594FC7BB-8B93-4346-8C28-6AB0EA0A4430}.Release|Any CPU.ActiveCfg = Release|Any CPU
		{594FC7BB-8B93-4346-8C28-6AB0EA0A4430}.Release|Any CPU.Build.0 = Release|Any CPU
		{594FC7BB-8B93-4346-8C28-6AB0EA0A4430}.Release|x86.ActiveCfg = Release|Any CPU
		{594FC7BB-8B93-4346-8C28-6AB0EA0A4430}.Release|x86.Build.0 = Release|Any CPU
		{CD8001DD-19E1-49FE-8C5F-EAED54CF9B53}.Debug|Any CPU.ActiveCfg = Debug|Any CPU
		{CD8001DD-19E1-49FE-8C5F-EAED54CF9B53}.Debug|Any CPU.Build.0 = Debug|Any CPU
		{CD8001DD-19E1-49FE-8C5F-EAED54CF9B53}.Debug|x86.ActiveCfg = Debug|Any CPU
		{CD8001DD-19E1-49FE-8C5F-EAED54CF9B53}.Debug|x86.Build.0 = Debug|Any CPU
		{CD8001DD-19E1-49FE-8C5F-EAED54CF9B53}.Release|Any CPU.ActiveCfg = Release|Any CPU
		{CD8001DD-19E1-49FE-8C5F-EAED54CF9B53}.Release|Any CPU.Build.0 = Release|Any CPU
		{CD8001DD-19E1-49FE-8C5F-EAED54CF9B53}.Release|x86.ActiveCfg = Release|Any CPU
		{CD8001DD-19E1-49FE-8C5F-EAED54CF9B53}.Release|x86.Build.0 = Release|Any CPU
		{0E92A2EC-4F57-4CF1-9D96-6E433417DA33}.Debug|Any CPU.ActiveCfg = Debug|Any CPU
		{0E92A2EC-4F57-4CF1-9D96-6E433417DA33}.Debug|Any CPU.Build.0 = Debug|Any CPU
		{0E92A2EC-4F57-4CF1-9D96-6E433417DA33}.Debug|x86.ActiveCfg = Debug|Any CPU
		{0E92A2EC-4F57-4CF1-9D96-6E433417DA33}.Debug|x86.Build.0 = Debug|Any CPU
		{0E92A2EC-4F57-4CF1-9D96-6E433417DA33}.Release|Any CPU.ActiveCfg = Release|Any CPU
		{0E92A2EC-4F57-4CF1-9D96-6E433417DA33}.Release|Any CPU.Build.0 = Release|Any CPU
		{0E92A2EC-4F57-4CF1-9D96-6E433417DA33}.Release|x86.ActiveCfg = Release|Any CPU
		{0E92A2EC-4F57-4CF1-9D96-6E433417DA33}.Release|x86.Build.0 = Release|Any CPU
		{CAB7DE98-58B9-4A94-A77A-2D87FBA13103}.Debug|Any CPU.ActiveCfg = Debug|Any CPU
		{CAB7DE98-58B9-4A94-A77A-2D87FBA13103}.Debug|Any CPU.Build.0 = Debug|Any CPU
		{CAB7DE98-58B9-4A94-A77A-2D87FBA13103}.Debug|x86.ActiveCfg = Debug|Any CPU
		{CAB7DE98-58B9-4A94-A77A-2D87FBA13103}.Debug|x86.Build.0 = Debug|Any CPU
		{CAB7DE98-58B9-4A94-A77A-2D87FBA13103}.Release|Any CPU.ActiveCfg = Release|Any CPU
		{CAB7DE98-58B9-4A94-A77A-2D87FBA13103}.Release|Any CPU.Build.0 = Release|Any CPU
		{CAB7DE98-58B9-4A94-A77A-2D87FBA13103}.Release|x86.ActiveCfg = Release|Any CPU
		{CAB7DE98-58B9-4A94-A77A-2D87FBA13103}.Release|x86.Build.0 = Release|Any CPU
		{4BFFBB2D-A061-4E50-A8B0-99CBFBFB7184}.Debug|Any CPU.ActiveCfg = Debug|Any CPU
		{4BFFBB2D-A061-4E50-A8B0-99CBFBFB7184}.Debug|Any CPU.Build.0 = Debug|Any CPU
		{4BFFBB2D-A061-4E50-A8B0-99CBFBFB7184}.Debug|x86.ActiveCfg = Debug|Any CPU
		{4BFFBB2D-A061-4E50-A8B0-99CBFBFB7184}.Debug|x86.Build.0 = Debug|Any CPU
		{4BFFBB2D-A061-4E50-A8B0-99CBFBFB7184}.Release|Any CPU.ActiveCfg = Release|Any CPU
		{4BFFBB2D-A061-4E50-A8B0-99CBFBFB7184}.Release|Any CPU.Build.0 = Release|Any CPU
		{4BFFBB2D-A061-4E50-A8B0-99CBFBFB7184}.Release|x86.ActiveCfg = Release|Any CPU
		{4BFFBB2D-A061-4E50-A8B0-99CBFBFB7184}.Release|x86.Build.0 = Release|Any CPU
		{837825D7-5042-45EA-9AE1-CECA1A9B42C7}.Debug|Any CPU.ActiveCfg = Debug|Any CPU
		{837825D7-5042-45EA-9AE1-CECA1A9B42C7}.Debug|Any CPU.Build.0 = Debug|Any CPU
		{837825D7-5042-45EA-9AE1-CECA1A9B42C7}.Debug|x86.ActiveCfg = Debug|Any CPU
		{837825D7-5042-45EA-9AE1-CECA1A9B42C7}.Debug|x86.Build.0 = Debug|Any CPU
		{837825D7-5042-45EA-9AE1-CECA1A9B42C7}.Release|Any CPU.ActiveCfg = Release|Any CPU
		{837825D7-5042-45EA-9AE1-CECA1A9B42C7}.Release|Any CPU.Build.0 = Release|Any CPU
		{837825D7-5042-45EA-9AE1-CECA1A9B42C7}.Release|x86.ActiveCfg = Release|Any CPU
		{837825D7-5042-45EA-9AE1-CECA1A9B42C7}.Release|x86.Build.0 = Release|Any CPU
	EndGlobalSection
	GlobalSection(SolutionProperties) = preSolution
		HideSolutionNode = FALSE
	EndGlobalSection
	GlobalSection(NestedProjects) = preSolution
		{BD286EF8-B757-4AB8-8F4F-AF1871902FD5} = {DF2465A6-2DB6-4C0A-BCE3-0489D16C1CDE}
		{0AA6748C-0C43-4903-A297-C6F1BBD0C2C0} = {DF2465A6-2DB6-4C0A-BCE3-0489D16C1CDE}
		{C50D9525-091D-4176-ACAE-890B5750D2B0} = {5A3F6F10-857C-4161-AF24-906979B26244}
		{167C3B54-4155-478F-8363-A1BE38860D01} = {5A3F6F10-857C-4161-AF24-906979B26244}
		{5A3F6F10-857C-4161-AF24-906979B26244} = {DF2465A6-2DB6-4C0A-BCE3-0489D16C1CDE}
		{594FC7BB-8B93-4346-8C28-6AB0EA0A4430} = {DF2465A6-2DB6-4C0A-BCE3-0489D16C1CDE}
		{4BFFBB2D-A061-4E50-A8B0-99CBFBFB7184} = {DF2465A6-2DB6-4C0A-BCE3-0489D16C1CDE}
	EndGlobalSection
	GlobalSection(ExtensibilityGlobals) = postSolution
		SolutionGuid = {AAFDF84E-3871-48F4-818B-DC40833D6532}
	EndGlobalSection
EndGlobal
